{
  "requires": true,
  "lockfileVersion": 1,
  "dependencies": {
    "weui": {
      "version": "2.1.3",
      "resolved": "https://registry.npmjs.org/weui/-/weui-2.1.3.tgz",
      "integrity": "sha512-iFN53xGHpGPbdFf65Q/uYpQUln0Cg18VwsYU+AqYpazBcBVigdLDd3zNWXLk9VXwdTaS3FVWnGxejhSm6L+wZQ=="
    }
  }
}
